
Microsoft Visual Studio Solution File, Format Version 12.00
# Visual Studio Version 17
VisualStudioVersion = 17.8.34511.84
MinimumVisualStudioVersion = 10.0.40219.1
Project("{FAE04EC0-301F-11D3-BF4B-00C04F79EFBC}") = "Tema_II", "Tema_II\Tema_II.csproj", "{6B0319EA-19E6-4912-8433-FBC14B60B0FC}"
EndProject
Global
	GlobalSection(SolutionConfigurationPlatforms) = preSolution
		Debug|Any CPU = Debug|Any CPU
		Release|Any CPU = Release|Any CPU
	EndGlobalSection
	GlobalSection(ProjectConfigurationPlatforms) = postSolution
		{6B0319EA-19E6-4912-8433-FBC14B60B0FC}.Debug|Any CPU.ActiveCfg = Debug|Any CPU
		{6B0319EA-19E6-4912-8433-FBC14B60B0FC}.Debug|Any CPU.Build.0 = Debug|Any CPU
		{6B0319EA-19E6-4912-8433-FBC14B60B0FC}.Release|Any CPU.ActiveCfg = Release|Any CPU
		{6B0319EA-19E6-4912-8433-FBC14B60B0FC}.Release|Any CPU.Build.0 = Release|Any CPU
	EndGlobalSection
	GlobalSection(SolutionProperties) = preSolution
		HideSolutionNode = FALSE
	EndGlobalSection
	GlobalSection(ExtensibilityGlobals) = postSolution
		SolutionGuid = {41BFBC3F-1AEA-4DCB-B906-A6CA4B2C0457}
	EndGlobalSection
EndGlobal
